<?xml version="1.0" encoding="utf-8"?>
<Project ToolsVersion="18.0" xmlns="http://schemas.microsoft.com/developer/msbuild/2003">
  <ItemGroup>
    <ClCompile Include="D:\Games\Astryx\src\engines\kotor2\kotor2.cpp">
      <Filter>Source Files</Filter>
    </ClCompile>
    <ClCompile Include="D:\Games\Astryx\src\engines\kotor2\probes.cpp">
      <Filter>Source Files</Filter>
    </ClCompile>
    <ClCompile Include="D:\Games\Astryx\src\engines\kotor2\console.cpp">
      <Filter>Source Files</Filter>
    </ClCompile>
    <ClCompile Include="D:\Games\Astryx\src\engines\kotor2\modelloader.cpp">
      <Filter>Source Files</Filter>
    </ClCompile>
    <ClCompile Include="D:\Games\Astryx\src\engines\kotor2\game.cpp">
      <Filter>Source Files</Filter>
    </ClCompile>
    <ClCompile Include="D:\Games\Astryx\src\engines\kotor2\creature.cpp">
      <Filter>Source Files</Filter>
    </ClCompile>
    <ClCompile Include="D:\Games\Astryx\src\engines\kotor2\module.cpp">
      <Filter>Source Files</Filter>
    </ClCompile>
    <ClCompile Include="D:\Games\Astryx\src\engines\kotor2\script\functions.cpp">
      <Filter>Source Files</Filter>
    </ClCompile>
    <ClCompile Include="D:\Games\Astryx\src\engines\kotor2\gui\gui.cpp">
      <Filter>Source Files</Filter>
    </ClCompile>
    <ClCompile Include="D:\Games\Astryx\src\engines\kotor2\gui\dialog.cpp">
      <Filter>Source Files</Filter>
    </ClCompile>
    <ClCompile Include="D:\Games\Astryx\src\engines\kotor2\gui\main\main.cpp">
      <Filter>Source Files</Filter>
    </ClCompile>
    <ClCompile Include="D:\Games\Astryx\src\engines\kotor2\gui\chargen\classselection.cpp">
      <Filter>Source Files</Filter>
    </ClCompile>
    <ClCompile Include="D:\Games\Astryx\src\engines\kotor2\gui\chargen\charactergeneration.cpp">
      <Filter>Source Files</Filter>
    </ClCompile>
    <ClCompile Include="D:\Games\Astryx\src\engines\kotor2\gui\chargen\chargeninfo.cpp">
      <Filter>Source Files</Filter>
    </ClCompile>
    <ClCompile Include="D:\Games\Astryx\src\engines\kotor2\gui\chargen\quickorcustom.cpp">
      <Filter>Source Files</Filter>
    </ClCompile>
    <ClCompile Include="D:\Games\Astryx\src\engines\kotor2\gui\chargen\quickchar.cpp">
      <Filter>Source Files</Filter>
    </ClCompile>
    <ClCompile Include="D:\Games\Astryx\src\engines\kotor2\gui\chargen\customchar.cpp">
      <Filter>Source Files</Filter>
    </ClCompile>
    <ClCompile Include="D:\Games\Astryx\src\engines\kotor2\gui\chargen\chargenbase.cpp">
      <Filter>Source Files</Filter>
    </ClCompile>
    <ClCompile Include="D:\Games\Astryx\src\engines\kotor2\gui\chargen\chargenname.cpp">
      <Filter>Source Files</Filter>
    </ClCompile>
    <ClCompile Include="D:\Games\Astryx\src\engines\kotor2\gui\chargen\chargenportrait.cpp">
      <Filter>Source Files</Filter>
    </ClCompile>
    <ClCompile Include="D:\Games\Astryx\src\engines\kotor2\gui\ingame\ingame.cpp">
      <Filter>Source Files</Filter>
    </ClCompile>
    <ClCompile Include="D:\Games\Astryx\src\engines\kotor2\gui\ingame\hud.cpp">
      <Filter>Source Files</Filter>
    </ClCompile>
    <ClCompile Include="D:\Games\Astryx\src\engines\kotor2\gui\ingame\partyselection.cpp">
      <Filter>Source Files</Filter>
    </ClCompile>
  </ItemGroup>
  <ItemGroup>
    <ClInclude Include="D:\Games\Astryx\src\engines\kotor2\kotor2.h">
      <Filter>Header Files</Filter>
    </ClInclude>
    <ClInclude Include="D:\Games\Astryx\src\engines\kotor2\probes.h">
      <Filter>Header Files</Filter>
    </ClInclude>
    <ClInclude Include="D:\Games\Astryx\src\engines\kotor2\console.h">
      <Filter>Header Files</Filter>
    </ClInclude>
    <ClInclude Include="D:\Games\Astryx\src\engines\kotor2\modelloader.h">
      <Filter>Header Files</Filter>
    </ClInclude>
    <ClInclude Include="D:\Games\Astryx\src\engines\kotor2\game.h">
      <Filter>Header Files</Filter>
    </ClInclude>
    <ClInclude Include="D:\Games\Astryx\src\engines\kotor2\creature.h">
      <Filter>Header Files</Filter>
    </ClInclude>
    <ClInclude Include="D:\Games\Astryx\src\engines\kotor2\module.h">
      <Filter>Header Files</Filter>
    </ClInclude>
    <ClInclude Include="D:\Games\Astryx\src\engines\kotor2\script\functions.h">
      <Filter>Header Files</Filter>
    </ClInclude>
    <ClInclude Include="D:\Games\Astryx\src\engines\kotor2\script\function_tables.h">
      <Filter>Header Files</Filter>
    </ClInclude>
    <ClInclude Include="D:\Games\Astryx\src\engines\kotor2\gui\gui.h">
      <Filter>Header Files</Filter>
    </ClInclude>
    <ClInclude Include="D:\Games\Astryx\src\engines\kotor2\gui\dialog.h">
      <Filter>Header Files</Filter>
    </ClInclude>
    <ClInclude Include="D:\Games\Astryx\src\engines\kotor2\gui\main\main.h">
      <Filter>Header Files</Filter>
    </ClInclude>
    <ClInclude Include="D:\Games\Astryx\src\engines\kotor2\gui\chargen\classselection.h">
      <Filter>Header Files</Filter>
    </ClInclude>
    <ClInclude Include="D:\Games\Astryx\src\engines\kotor2\gui\chargen\charactergeneration.h">
      <Filter>Header Files</Filter>
    </ClInclude>
    <ClInclude Include="D:\Games\Astryx\src\engines\kotor2\gui\chargen\chargeninfo.h">
      <Filter>Header Files</Filter>
    </ClInclude>
    <ClInclude Include="D:\Games\Astryx\src\engines\kotor2\gui\chargen\quickorcustom.h">
      <Filter>Header Files</Filter>
    </ClInclude>
    <ClInclude Include="D:\Games\Astryx\src\engines\kotor2\gui\chargen\quickchar.h">
      <Filter>Header Files</Filter>
    </ClInclude>
    <ClInclude Include="D:\Games\Astryx\src\engines\kotor2\gui\chargen\customchar.h">
      <Filter>Header Files</Filter>
    </ClInclude>
    <ClInclude Include="D:\Games\Astryx\src\engines\kotor2\gui\chargen\chargenbase.h">
      <Filter>Header Files</Filter>
    </ClInclude>
    <ClInclude Include="D:\Games\Astryx\src\engines\kotor2\gui\chargen\chargenname.h">
      <Filter>Header Files</Filter>
    </ClInclude>
    <ClInclude Include="D:\Games\Astryx\src\engines\kotor2\gui\chargen\chargenportrait.h">
      <Filter>Header Files</Filter>
    </ClInclude>
    <ClInclude Include="D:\Games\Astryx\src\engines\kotor2\gui\ingame\ingame.h">
      <Filter>Header Files</Filter>
    </ClInclude>
    <ClInclude Include="D:\Games\Astryx\src\engines\kotor2\gui\ingame\hud.h">
      <Filter>Header Files</Filter>
    </ClInclude>
    <ClInclude Include="D:\Games\Astryx\src\engines\kotor2\gui\ingame\partyselection.h">
      <Filter>Header Files</Filter>
    </ClInclude>
  </ItemGroup>
  <ItemGroup>
    <CustomBuild Include="D:\Games\Astryx\CMakeLists.txt" />
  </ItemGroup>
  <ItemGroup>
    <Filter Include="Header Files">
      <UniqueIdentifier>{F21E34AB-2757-3B03-8953-08F3C23511D9}</UniqueIdentifier>
    </Filter>
    <Filter Include="Source Files">
      <UniqueIdentifier>{78D6A0A6-833A-3175-A49A-EFD0CDC7772D}</UniqueIdentifier>
    </Filter>
  </ItemGroup>
</Project>
