<?xml version="1.0" encoding="utf-8"?>
<Project ToolsVersion="18.0" xmlns="http://schemas.microsoft.com/developer/msbuild/2003">
  <ItemGroup>
    <ClCompile Include="D:\Games\Astryx\src\engines\kotor\kotor.cpp">
      <Filter>Source Files</Filter>
    </ClCompile>
    <ClCompile Include="D:\Games\Astryx\src\engines\kotor\probes.cpp">
      <Filter>Source Files</Filter>
    </ClCompile>
    <ClCompile Include="D:\Games\Astryx\src\engines\kotor\console.cpp">
      <Filter>Source Files</Filter>
    </ClCompile>
    <ClCompile Include="D:\Games\Astryx\src\engines\kotor\modelloader.cpp">
      <Filter>Source Files</Filter>
    </ClCompile>
    <ClCompile Include="D:\Games\Astryx\src\engines\kotor\version.cpp">
      <Filter>Source Files</Filter>
    </ClCompile>
    <ClCompile Include="D:\Games\Astryx\src\engines\kotor\game.cpp">
      <Filter>Source Files</Filter>
    </ClCompile>
    <ClCompile Include="D:\Games\Astryx\src\engines\kotor\module.cpp">
      <Filter>Source Files</Filter>
    </ClCompile>
    <ClCompile Include="D:\Games\Astryx\src\engines\kotor\creature.cpp">
      <Filter>Source Files</Filter>
    </ClCompile>
    <ClCompile Include="D:\Games\Astryx\src\engines\kotor\savedgame.cpp">
      <Filter>Source Files</Filter>
    </ClCompile>
    <ClCompile Include="D:\Games\Astryx\src\engines\kotor\script\functions.cpp">
      <Filter>Source Files</Filter>
    </ClCompile>
    <ClCompile Include="D:\Games\Astryx\src\engines\kotor\gui\saveload.cpp">
      <Filter>Source Files</Filter>
    </ClCompile>
    <ClCompile Include="D:\Games\Astryx\src\engines\kotor\gui\dialog.cpp">
      <Filter>Source Files</Filter>
    </ClCompile>
    <ClCompile Include="D:\Games\Astryx\src\engines\kotor\gui\main\main.cpp">
      <Filter>Source Files</Filter>
    </ClCompile>
    <ClCompile Include="D:\Games\Astryx\src\engines\kotor\gui\main\movies.cpp">
      <Filter>Source Files</Filter>
    </ClCompile>
    <ClCompile Include="D:\Games\Astryx\src\engines\kotor\gui\main\options.cpp">
      <Filter>Source Files</Filter>
    </ClCompile>
    <ClCompile Include="D:\Games\Astryx\src\engines\kotor\gui\options\gameplay.cpp">
      <Filter>Source Files</Filter>
    </ClCompile>
    <ClCompile Include="D:\Games\Astryx\src\engines\kotor\gui\options\mousesettings.cpp">
      <Filter>Source Files</Filter>
    </ClCompile>
    <ClCompile Include="D:\Games\Astryx\src\engines\kotor\gui\options\keyboardconfig.cpp">
      <Filter>Source Files</Filter>
    </ClCompile>
    <ClCompile Include="D:\Games\Astryx\src\engines\kotor\gui\options\feedback.cpp">
      <Filter>Source Files</Filter>
    </ClCompile>
    <ClCompile Include="D:\Games\Astryx\src\engines\kotor\gui\options\autopause.cpp">
      <Filter>Source Files</Filter>
    </ClCompile>
    <ClCompile Include="D:\Games\Astryx\src\engines\kotor\gui\options\graphics.cpp">
      <Filter>Source Files</Filter>
    </ClCompile>
    <ClCompile Include="D:\Games\Astryx\src\engines\kotor\gui\options\graphicsadv.cpp">
      <Filter>Source Files</Filter>
    </ClCompile>
    <ClCompile Include="D:\Games\Astryx\src\engines\kotor\gui\options\sound.cpp">
      <Filter>Source Files</Filter>
    </ClCompile>
    <ClCompile Include="D:\Games\Astryx\src\engines\kotor\gui\options\soundadv.cpp">
      <Filter>Source Files</Filter>
    </ClCompile>
    <ClCompile Include="D:\Games\Astryx\src\engines\kotor\gui\options\resolution.cpp">
      <Filter>Source Files</Filter>
    </ClCompile>
    <ClCompile Include="D:\Games\Astryx\src\engines\kotor\gui\chargen\classselection.cpp">
      <Filter>Source Files</Filter>
    </ClCompile>
    <ClCompile Include="D:\Games\Astryx\src\engines\kotor\gui\chargen\charactergeneration.cpp">
      <Filter>Source Files</Filter>
    </ClCompile>
    <ClCompile Include="D:\Games\Astryx\src\engines\kotor\gui\chargen\quickorcustom.cpp">
      <Filter>Source Files</Filter>
    </ClCompile>
    <ClCompile Include="D:\Games\Astryx\src\engines\kotor\gui\chargen\quickchar.cpp">
      <Filter>Source Files</Filter>
    </ClCompile>
    <ClCompile Include="D:\Games\Astryx\src\engines\kotor\gui\chargen\customchar.cpp">
      <Filter>Source Files</Filter>
    </ClCompile>
    <ClCompile Include="D:\Games\Astryx\src\engines\kotor\gui\chargen\chargenbase.cpp">
      <Filter>Source Files</Filter>
    </ClCompile>
    <ClCompile Include="D:\Games\Astryx\src\engines\kotor\gui\chargen\chargenportrait.cpp">
      <Filter>Source Files</Filter>
    </ClCompile>
    <ClCompile Include="D:\Games\Astryx\src\engines\kotor\gui\chargen\chargenname.cpp">
      <Filter>Source Files</Filter>
    </ClCompile>
    <ClCompile Include="D:\Games\Astryx\src\engines\kotor\gui\chargen\chargeninfo.cpp">
      <Filter>Source Files</Filter>
    </ClCompile>
    <ClCompile Include="D:\Games\Astryx\src\engines\kotor\gui\chargen\chargenabilities.cpp">
      <Filter>Source Files</Filter>
    </ClCompile>
    <ClCompile Include="D:\Games\Astryx\src\engines\kotor\gui\chargen\chargenskills.cpp">
      <Filter>Source Files</Filter>
    </ClCompile>
    <ClCompile Include="D:\Games\Astryx\src\engines\kotor\gui\ingame\ingame.cpp">
      <Filter>Source Files</Filter>
    </ClCompile>
    <ClCompile Include="D:\Games\Astryx\src\engines\kotor\gui\ingame\hud.cpp">
      <Filter>Source Files</Filter>
    </ClCompile>
    <ClCompile Include="D:\Games\Astryx\src\engines\kotor\gui\ingame\container.cpp">
      <Filter>Source Files</Filter>
    </ClCompile>
    <ClCompile Include="D:\Games\Astryx\src\engines\kotor\gui\ingame\menu.cpp">
      <Filter>Source Files</Filter>
    </ClCompile>
    <ClCompile Include="D:\Games\Astryx\src\engines\kotor\gui\ingame\menu_equ.cpp">
      <Filter>Source Files</Filter>
    </ClCompile>
    <ClCompile Include="D:\Games\Astryx\src\engines\kotor\gui\ingame\menu_inv.cpp">
      <Filter>Source Files</Filter>
    </ClCompile>
    <ClCompile Include="D:\Games\Astryx\src\engines\kotor\gui\ingame\menu_char.cpp">
      <Filter>Source Files</Filter>
    </ClCompile>
    <ClCompile Include="D:\Games\Astryx\src\engines\kotor\gui\ingame\menu_abi.cpp">
      <Filter>Source Files</Filter>
    </ClCompile>
    <ClCompile Include="D:\Games\Astryx\src\engines\kotor\gui\ingame\menu_msg.cpp">
      <Filter>Source Files</Filter>
    </ClCompile>
    <ClCompile Include="D:\Games\Astryx\src\engines\kotor\gui\ingame\menu_jou.cpp">
      <Filter>Source Files</Filter>
    </ClCompile>
    <ClCompile Include="D:\Games\Astryx\src\engines\kotor\gui\ingame\menu_map.cpp">
      <Filter>Source Files</Filter>
    </ClCompile>
    <ClCompile Include="D:\Games\Astryx\src\engines\kotor\gui\ingame\menu_opt.cpp">
      <Filter>Source Files</Filter>
    </ClCompile>
    <ClCompile Include="D:\Games\Astryx\src\engines\kotor\gui\ingame\minimap.cpp">
      <Filter>Source Files</Filter>
    </ClCompile>
    <ClCompile Include="D:\Games\Astryx\src\engines\kotor\gui\ingame\partyselection.cpp">
      <Filter>Source Files</Filter>
    </ClCompile>
    <ClCompile Include="D:\Games\Astryx\src\engines\kotor\gui\dialogs\confirm.cpp">
      <Filter>Source Files</Filter>
    </ClCompile>
    <ClCompile Include="D:\Games\Astryx\src\engines\kotor\gui\loadscreen\loadscreen.cpp">
      <Filter>Source Files</Filter>
    </ClCompile>
  </ItemGroup>
  <ItemGroup>
    <ClInclude Include="D:\Games\Astryx\src\engines\kotor\kotor.h">
      <Filter>Header Files</Filter>
    </ClInclude>
    <ClInclude Include="D:\Games\Astryx\src\engines\kotor\probes.h">
      <Filter>Header Files</Filter>
    </ClInclude>
    <ClInclude Include="D:\Games\Astryx\src\engines\kotor\console.h">
      <Filter>Header Files</Filter>
    </ClInclude>
    <ClInclude Include="D:\Games\Astryx\src\engines\kotor\modelloader.h">
      <Filter>Header Files</Filter>
    </ClInclude>
    <ClInclude Include="D:\Games\Astryx\src\engines\kotor\version.h">
      <Filter>Header Files</Filter>
    </ClInclude>
    <ClInclude Include="D:\Games\Astryx\src\engines\kotor\game.h">
      <Filter>Header Files</Filter>
    </ClInclude>
    <ClInclude Include="D:\Games\Astryx\src\engines\kotor\module.h">
      <Filter>Header Files</Filter>
    </ClInclude>
    <ClInclude Include="D:\Games\Astryx\src\engines\kotor\creature.h">
      <Filter>Header Files</Filter>
    </ClInclude>
    <ClInclude Include="D:\Games\Astryx\src\engines\kotor\savedgame.h">
      <Filter>Header Files</Filter>
    </ClInclude>
    <ClInclude Include="D:\Games\Astryx\src\engines\kotor\script\functions.h">
      <Filter>Header Files</Filter>
    </ClInclude>
    <ClInclude Include="D:\Games\Astryx\src\engines\kotor\script\function_tables.h">
      <Filter>Header Files</Filter>
    </ClInclude>
    <ClInclude Include="D:\Games\Astryx\src\engines\kotor\gui\saveload.h">
      <Filter>Header Files</Filter>
    </ClInclude>
    <ClInclude Include="D:\Games\Astryx\src\engines\kotor\gui\dialog.h">
      <Filter>Header Files</Filter>
    </ClInclude>
    <ClInclude Include="D:\Games\Astryx\src\engines\kotor\gui\main\main.h">
      <Filter>Header Files</Filter>
    </ClInclude>
    <ClInclude Include="D:\Games\Astryx\src\engines\kotor\gui\main\movies.h">
      <Filter>Header Files</Filter>
    </ClInclude>
    <ClInclude Include="D:\Games\Astryx\src\engines\kotor\gui\main\options.h">
      <Filter>Header Files</Filter>
    </ClInclude>
    <ClInclude Include="D:\Games\Astryx\src\engines\kotor\gui\options\gameplay.h">
      <Filter>Header Files</Filter>
    </ClInclude>
    <ClInclude Include="D:\Games\Astryx\src\engines\kotor\gui\options\mousesettings.h">
      <Filter>Header Files</Filter>
    </ClInclude>
    <ClInclude Include="D:\Games\Astryx\src\engines\kotor\gui\options\keyboardconfig.h">
      <Filter>Header Files</Filter>
    </ClInclude>
    <ClInclude Include="D:\Games\Astryx\src\engines\kotor\gui\options\feedback.h">
      <Filter>Header Files</Filter>
    </ClInclude>
    <ClInclude Include="D:\Games\Astryx\src\engines\kotor\gui\options\autopause.h">
      <Filter>Header Files</Filter>
    </ClInclude>
    <ClInclude Include="D:\Games\Astryx\src\engines\kotor\gui\options\graphics.h">
      <Filter>Header Files</Filter>
    </ClInclude>
    <ClInclude Include="D:\Games\Astryx\src\engines\kotor\gui\options\graphicsadv.h">
      <Filter>Header Files</Filter>
    </ClInclude>
    <ClInclude Include="D:\Games\Astryx\src\engines\kotor\gui\options\sound.h">
      <Filter>Header Files</Filter>
    </ClInclude>
    <ClInclude Include="D:\Games\Astryx\src\engines\kotor\gui\options\soundadv.h">
      <Filter>Header Files</Filter>
    </ClInclude>
    <ClInclude Include="D:\Games\Astryx\src\engines\kotor\gui\options\resolution.h">
      <Filter>Header Files</Filter>
    </ClInclude>
    <ClInclude Include="D:\Games\Astryx\src\engines\kotor\gui\chargen\classselection.h">
      <Filter>Header Files</Filter>
    </ClInclude>
    <ClInclude Include="D:\Games\Astryx\src\engines\kotor\gui\chargen\charactergeneration.h">
      <Filter>Header Files</Filter>
    </ClInclude>
    <ClInclude Include="D:\Games\Astryx\src\engines\kotor\gui\chargen\quickorcustom.h">
      <Filter>Header Files</Filter>
    </ClInclude>
    <ClInclude Include="D:\Games\Astryx\src\engines\kotor\gui\chargen\quickchar.h">
      <Filter>Header Files</Filter>
    </ClInclude>
    <ClInclude Include="D:\Games\Astryx\src\engines\kotor\gui\chargen\customchar.h">
      <Filter>Header Files</Filter>
    </ClInclude>
    <ClInclude Include="D:\Games\Astryx\src\engines\kotor\gui\chargen\chargenbase.h">
      <Filter>Header Files</Filter>
    </ClInclude>
    <ClInclude Include="D:\Games\Astryx\src\engines\kotor\gui\chargen\chargenportrait.h">
      <Filter>Header Files</Filter>
    </ClInclude>
    <ClInclude Include="D:\Games\Astryx\src\engines\kotor\gui\chargen\chargenname.h">
      <Filter>Header Files</Filter>
    </ClInclude>
    <ClInclude Include="D:\Games\Astryx\src\engines\kotor\gui\chargen\chargeninfo.h">
      <Filter>Header Files</Filter>
    </ClInclude>
    <ClInclude Include="D:\Games\Astryx\src\engines\kotor\gui\chargen\chargenabilities.h">
      <Filter>Header Files</Filter>
    </ClInclude>
    <ClInclude Include="D:\Games\Astryx\src\engines\kotor\gui\chargen\chargenskills.h">
      <Filter>Header Files</Filter>
    </ClInclude>
    <ClInclude Include="D:\Games\Astryx\src\engines\kotor\gui\ingame\ingame.h">
      <Filter>Header Files</Filter>
    </ClInclude>
    <ClInclude Include="D:\Games\Astryx\src\engines\kotor\gui\ingame\hud.h">
      <Filter>Header Files</Filter>
    </ClInclude>
    <ClInclude Include="D:\Games\Astryx\src\engines\kotor\gui\ingame\container.h">
      <Filter>Header Files</Filter>
    </ClInclude>
    <ClInclude Include="D:\Games\Astryx\src\engines\kotor\gui\ingame\menu.h">
      <Filter>Header Files</Filter>
    </ClInclude>
    <ClInclude Include="D:\Games\Astryx\src\engines\kotor\gui\ingame\menu_equ.h">
      <Filter>Header Files</Filter>
    </ClInclude>
    <ClInclude Include="D:\Games\Astryx\src\engines\kotor\gui\ingame\menu_inv.h">
      <Filter>Header Files</Filter>
    </ClInclude>
    <ClInclude Include="D:\Games\Astryx\src\engines\kotor\gui\ingame\menu_char.h">
      <Filter>Header Files</Filter>
    </ClInclude>
    <ClInclude Include="D:\Games\Astryx\src\engines\kotor\gui\ingame\menu_abi.h">
      <Filter>Header Files</Filter>
    </ClInclude>
    <ClInclude Include="D:\Games\Astryx\src\engines\kotor\gui\ingame\menu_msg.h">
      <Filter>Header Files</Filter>
    </ClInclude>
    <ClInclude Include="D:\Games\Astryx\src\engines\kotor\gui\ingame\menu_jou.h">
      <Filter>Header Files</Filter>
    </ClInclude>
    <ClInclude Include="D:\Games\Astryx\src\engines\kotor\gui\ingame\menu_map.h">
      <Filter>Header Files</Filter>
    </ClInclude>
    <ClInclude Include="D:\Games\Astryx\src\engines\kotor\gui\ingame\menu_opt.h">
      <Filter>Header Files</Filter>
    </ClInclude>
    <ClInclude Include="D:\Games\Astryx\src\engines\kotor\gui\ingame\minimap.h">
      <Filter>Header Files</Filter>
    </ClInclude>
    <ClInclude Include="D:\Games\Astryx\src\engines\kotor\gui\ingame\partyselection.h">
      <Filter>Header Files</Filter>
    </ClInclude>
    <ClInclude Include="D:\Games\Astryx\src\engines\kotor\gui\dialogs\confirm.h">
      <Filter>Header Files</Filter>
    </ClInclude>
    <ClInclude Include="D:\Games\Astryx\src\engines\kotor\gui\loadscreen\loadscreen.h">
      <Filter>Header Files</Filter>
    </ClInclude>
  </ItemGroup>
  <ItemGroup>
    <CustomBuild Include="D:\Games\Astryx\CMakeLists.txt" />
  </ItemGroup>
  <ItemGroup>
    <Filter Include="Header Files">
      <UniqueIdentifier>{F21E34AB-2757-3B03-8953-08F3C23511D9}</UniqueIdentifier>
    </Filter>
    <Filter Include="Source Files">
      <UniqueIdentifier>{78D6A0A6-833A-3175-A49A-EFD0CDC7772D}</UniqueIdentifier>
    </Filter>
  </ItemGroup>
</Project>
