<?xml version="1.0" encoding="utf-8"?>
<Project ToolsVersion="18.0" xmlns="http://schemas.microsoft.com/developer/msbuild/2003">
  <ItemGroup>
    <ClCompile Include="D:\Games\Astryx\src\engines\jade\jade.cpp">
      <Filter>Source Files</Filter>
    </ClCompile>
    <ClCompile Include="D:\Games\Astryx\src\engines\jade\probes.cpp">
      <Filter>Source Files</Filter>
    </ClCompile>
    <ClCompile Include="D:\Games\Astryx\src\engines\jade\modelloader.cpp">
      <Filter>Source Files</Filter>
    </ClCompile>
    <ClCompile Include="D:\Games\Astryx\src\engines\jade\console.cpp">
      <Filter>Source Files</Filter>
    </ClCompile>
    <ClCompile Include="D:\Games\Astryx\src\engines\jade\game.cpp">
      <Filter>Source Files</Filter>
    </ClCompile>
    <ClCompile Include="D:\Games\Astryx\src\engines\jade\module.cpp">
      <Filter>Source Files</Filter>
    </ClCompile>
    <ClCompile Include="D:\Games\Astryx\src\engines\jade\area.cpp">
      <Filter>Source Files</Filter>
    </ClCompile>
    <ClCompile Include="D:\Games\Astryx\src\engines\jade\arealayout.cpp">
      <Filter>Source Files</Filter>
    </ClCompile>
    <ClCompile Include="D:\Games\Astryx\src\engines\jade\room.cpp">
      <Filter>Source Files</Filter>
    </ClCompile>
    <ClCompile Include="D:\Games\Astryx\src\engines\jade\object.cpp">
      <Filter>Source Files</Filter>
    </ClCompile>
    <ClCompile Include="D:\Games\Astryx\src\engines\jade\objectcontainer.cpp">
      <Filter>Source Files</Filter>
    </ClCompile>
    <ClCompile Include="D:\Games\Astryx\src\engines\jade\creature.cpp">
      <Filter>Source Files</Filter>
    </ClCompile>
    <ClCompile Include="D:\Games\Astryx\src\engines\jade\placeable.cpp">
      <Filter>Source Files</Filter>
    </ClCompile>
    <ClCompile Include="D:\Games\Astryx\src\engines\jade\trigger.cpp">
      <Filter>Source Files</Filter>
    </ClCompile>
    <ClCompile Include="D:\Games\Astryx\src\engines\jade\waypoint.cpp">
      <Filter>Source Files</Filter>
    </ClCompile>
    <ClCompile Include="D:\Games\Astryx\src\engines\jade\location.cpp">
      <Filter>Source Files</Filter>
    </ClCompile>
    <ClCompile Include="D:\Games\Astryx\src\engines\jade\event.cpp">
      <Filter>Source Files</Filter>
    </ClCompile>
    <ClCompile Include="D:\Games\Astryx\src\engines\jade\script\container.cpp">
      <Filter>Source Files</Filter>
    </ClCompile>
    <ClCompile Include="D:\Games\Astryx\src\engines\jade\script\functions.cpp">
      <Filter>Source Files</Filter>
    </ClCompile>
    <ClCompile Include="D:\Games\Astryx\src\engines\jade\script\functions_math.cpp">
      <Filter>Source Files</Filter>
    </ClCompile>
    <ClCompile Include="D:\Games\Astryx\src\engines\jade\script\functions_string.cpp">
      <Filter>Source Files</Filter>
    </ClCompile>
    <ClCompile Include="D:\Games\Astryx\src\engines\jade\script\functions_object.cpp">
      <Filter>Source Files</Filter>
    </ClCompile>
    <ClCompile Include="D:\Games\Astryx\src\engines\jade\script\functions_event.cpp">
      <Filter>Source Files</Filter>
    </ClCompile>
    <ClCompile Include="D:\Games\Astryx\src\engines\jade\script\functions_module.cpp">
      <Filter>Source Files</Filter>
    </ClCompile>
    <ClCompile Include="D:\Games\Astryx\src\engines\jade\script\functions_creature.cpp">
      <Filter>Source Files</Filter>
    </ClCompile>
    <ClCompile Include="D:\Games\Astryx\src\engines\jade\script\functions_action.cpp">
      <Filter>Source Files</Filter>
    </ClCompile>
    <ClCompile Include="D:\Games\Astryx\src\engines\jade\script\functions_2da.cpp">
      <Filter>Source Files</Filter>
    </ClCompile>
    <ClCompile Include="D:\Games\Astryx\src\engines\jade\script\functions_game.cpp">
      <Filter>Source Files</Filter>
    </ClCompile>
    <ClCompile Include="D:\Games\Astryx\src\engines\jade\gui\gui.cpp">
      <Filter>Source Files</Filter>
    </ClCompile>
    <ClCompile Include="D:\Games\Astryx\src\engines\jade\gui\guibackground.cpp">
      <Filter>Source Files</Filter>
    </ClCompile>
    <ClCompile Include="D:\Games\Astryx\src\engines\jade\gui\main\main.cpp">
      <Filter>Source Files</Filter>
    </ClCompile>
    <ClCompile Include="D:\Games\Astryx\src\engines\jade\gui\main\options.cpp">
      <Filter>Source Files</Filter>
    </ClCompile>
    <ClCompile Include="D:\Games\Astryx\src\engines\jade\gui\options\audio.cpp">
      <Filter>Source Files</Filter>
    </ClCompile>
    <ClCompile Include="D:\Games\Astryx\src\engines\jade\gui\options\video.cpp">
      <Filter>Source Files</Filter>
    </ClCompile>
    <ClCompile Include="D:\Games\Astryx\src\engines\jade\gui\options\diff.cpp">
      <Filter>Source Files</Filter>
    </ClCompile>
    <ClCompile Include="D:\Games\Astryx\src\engines\jade\gui\options\feed.cpp">
      <Filter>Source Files</Filter>
    </ClCompile>
    <ClCompile Include="D:\Games\Astryx\src\engines\jade\gui\options\control.cpp">
      <Filter>Source Files</Filter>
    </ClCompile>
    <ClCompile Include="D:\Games\Astryx\src\engines\jade\gui\chargen\charactergeneration.cpp">
      <Filter>Source Files</Filter>
    </ClCompile>
    <ClCompile Include="D:\Games\Astryx\src\engines\jade\gui\chargen\charactergenerationbase.cpp">
      <Filter>Source Files</Filter>
    </ClCompile>
    <ClCompile Include="D:\Games\Astryx\src\engines\jade\gui\chargen\characterinfo.cpp">
      <Filter>Source Files</Filter>
    </ClCompile>
    <ClCompile Include="D:\Games\Astryx\src\engines\jade\gui\chargen\charactername.cpp">
      <Filter>Source Files</Filter>
    </ClCompile>
    <ClCompile Include="D:\Games\Astryx\src\engines\jade\gui\chargen\characterselection.cpp">
      <Filter>Source Files</Filter>
    </ClCompile>
    <ClCompile Include="D:\Games\Astryx\src\engines\jade\gui\chargen\charactersummary.cpp">
      <Filter>Source Files</Filter>
    </ClCompile>
  </ItemGroup>
  <ItemGroup>
    <ClInclude Include="D:\Games\Astryx\src\engines\jade\jade.h">
      <Filter>Header Files</Filter>
    </ClInclude>
    <ClInclude Include="D:\Games\Astryx\src\engines\jade\probes.h">
      <Filter>Header Files</Filter>
    </ClInclude>
    <ClInclude Include="D:\Games\Astryx\src\engines\jade\types.h">
      <Filter>Header Files</Filter>
    </ClInclude>
    <ClInclude Include="D:\Games\Astryx\src\engines\jade\modelloader.h">
      <Filter>Header Files</Filter>
    </ClInclude>
    <ClInclude Include="D:\Games\Astryx\src\engines\jade\console.h">
      <Filter>Header Files</Filter>
    </ClInclude>
    <ClInclude Include="D:\Games\Astryx\src\engines\jade\game.h">
      <Filter>Header Files</Filter>
    </ClInclude>
    <ClInclude Include="D:\Games\Astryx\src\engines\jade\module.h">
      <Filter>Header Files</Filter>
    </ClInclude>
    <ClInclude Include="D:\Games\Astryx\src\engines\jade\area.h">
      <Filter>Header Files</Filter>
    </ClInclude>
    <ClInclude Include="D:\Games\Astryx\src\engines\jade\arealayout.h">
      <Filter>Header Files</Filter>
    </ClInclude>
    <ClInclude Include="D:\Games\Astryx\src\engines\jade\room.h">
      <Filter>Header Files</Filter>
    </ClInclude>
    <ClInclude Include="D:\Games\Astryx\src\engines\jade\object.h">
      <Filter>Header Files</Filter>
    </ClInclude>
    <ClInclude Include="D:\Games\Astryx\src\engines\jade\objectcontainer.h">
      <Filter>Header Files</Filter>
    </ClInclude>
    <ClInclude Include="D:\Games\Astryx\src\engines\jade\creature.h">
      <Filter>Header Files</Filter>
    </ClInclude>
    <ClInclude Include="D:\Games\Astryx\src\engines\jade\placeable.h">
      <Filter>Header Files</Filter>
    </ClInclude>
    <ClInclude Include="D:\Games\Astryx\src\engines\jade\trigger.h">
      <Filter>Header Files</Filter>
    </ClInclude>
    <ClInclude Include="D:\Games\Astryx\src\engines\jade\waypoint.h">
      <Filter>Header Files</Filter>
    </ClInclude>
    <ClInclude Include="D:\Games\Astryx\src\engines\jade\location.h">
      <Filter>Header Files</Filter>
    </ClInclude>
    <ClInclude Include="D:\Games\Astryx\src\engines\jade\event.h">
      <Filter>Header Files</Filter>
    </ClInclude>
    <ClInclude Include="D:\Games\Astryx\src\engines\jade\script\container.h">
      <Filter>Header Files</Filter>
    </ClInclude>
    <ClInclude Include="D:\Games\Astryx\src\engines\jade\script\functions.h">
      <Filter>Header Files</Filter>
    </ClInclude>
    <ClInclude Include="D:\Games\Astryx\src\engines\jade\script\function_tables.h">
      <Filter>Header Files</Filter>
    </ClInclude>
    <ClInclude Include="D:\Games\Astryx\src\engines\jade\gui\gui.h">
      <Filter>Header Files</Filter>
    </ClInclude>
    <ClInclude Include="D:\Games\Astryx\src\engines\jade\gui\guibackground.h">
      <Filter>Header Files</Filter>
    </ClInclude>
    <ClInclude Include="D:\Games\Astryx\src\engines\jade\gui\main\main.h">
      <Filter>Header Files</Filter>
    </ClInclude>
    <ClInclude Include="D:\Games\Astryx\src\engines\jade\gui\main\options.h">
      <Filter>Header Files</Filter>
    </ClInclude>
    <ClInclude Include="D:\Games\Astryx\src\engines\jade\gui\options\audio.h">
      <Filter>Header Files</Filter>
    </ClInclude>
    <ClInclude Include="D:\Games\Astryx\src\engines\jade\gui\options\video.h">
      <Filter>Header Files</Filter>
    </ClInclude>
    <ClInclude Include="D:\Games\Astryx\src\engines\jade\gui\options\diff.h">
      <Filter>Header Files</Filter>
    </ClInclude>
    <ClInclude Include="D:\Games\Astryx\src\engines\jade\gui\options\feed.h">
      <Filter>Header Files</Filter>
    </ClInclude>
    <ClInclude Include="D:\Games\Astryx\src\engines\jade\gui\options\control.h">
      <Filter>Header Files</Filter>
    </ClInclude>
    <ClInclude Include="D:\Games\Astryx\src\engines\jade\gui\chargen\charactergeneration.h">
      <Filter>Header Files</Filter>
    </ClInclude>
    <ClInclude Include="D:\Games\Astryx\src\engines\jade\gui\chargen\charactergenerationbase.h">
      <Filter>Header Files</Filter>
    </ClInclude>
    <ClInclude Include="D:\Games\Astryx\src\engines\jade\gui\chargen\characterinfo.h">
      <Filter>Header Files</Filter>
    </ClInclude>
    <ClInclude Include="D:\Games\Astryx\src\engines\jade\gui\chargen\charactername.h">
      <Filter>Header Files</Filter>
    </ClInclude>
    <ClInclude Include="D:\Games\Astryx\src\engines\jade\gui\chargen\characterselection.h">
      <Filter>Header Files</Filter>
    </ClInclude>
    <ClInclude Include="D:\Games\Astryx\src\engines\jade\gui\chargen\charactersummary.h">
      <Filter>Header Files</Filter>
    </ClInclude>
  </ItemGroup>
  <ItemGroup>
    <CustomBuild Include="D:\Games\Astryx\CMakeLists.txt" />
  </ItemGroup>
  <ItemGroup>
    <Filter Include="Header Files">
      <UniqueIdentifier>{3FD2484F-101C-39B6-AB22-F8DB514E07BA}</UniqueIdentifier>
    </Filter>
    <Filter Include="Source Files">
      <UniqueIdentifier>{1B4B025E-A4EF-3066-A8B9-E373DE4B7243}</UniqueIdentifier>
    </Filter>
  </ItemGroup>
</Project>
