<?xml version="1.0" encoding="utf-8"?>
<Project ToolsVersion="18.0" xmlns="http://schemas.microsoft.com/developer/msbuild/2003">
  <ItemGroup>
    <ClCompile Include="D:\Games\Astryx\src\graphics\images\decoder.cpp">
      <Filter>Source Files</Filter>
    </ClCompile>
    <ClCompile Include="D:\Games\Astryx\src\graphics\images\dumptga.cpp">
      <Filter>Source Files</Filter>
    </ClCompile>
    <ClCompile Include="D:\Games\Astryx\src\graphics\images\screenshot.cpp">
      <Filter>Source Files</Filter>
    </ClCompile>
    <ClCompile Include="D:\Games\Astryx\src\graphics\images\surface.cpp">
      <Filter>Source Files</Filter>
    </ClCompile>
    <ClCompile Include="D:\Games\Astryx\src\graphics\images\cubemapcombiner.cpp">
      <Filter>Source Files</Filter>
    </ClCompile>
    <ClCompile Include="D:\Games\Astryx\src\graphics\images\tga.cpp">
      <Filter>Source Files</Filter>
    </ClCompile>
    <ClCompile Include="D:\Games\Astryx\src\graphics\images\dds.cpp">
      <Filter>Source Files</Filter>
    </ClCompile>
    <ClCompile Include="D:\Games\Astryx\src\graphics\images\tpc.cpp">
      <Filter>Source Files</Filter>
    </ClCompile>
    <ClCompile Include="D:\Games\Astryx\src\graphics\images\txb.cpp">
      <Filter>Source Files</Filter>
    </ClCompile>
    <ClCompile Include="D:\Games\Astryx\src\graphics\images\txitypes.cpp">
      <Filter>Source Files</Filter>
    </ClCompile>
    <ClCompile Include="D:\Games\Astryx\src\graphics\images\txi.cpp">
      <Filter>Source Files</Filter>
    </ClCompile>
    <ClCompile Include="D:\Games\Astryx\src\graphics\images\s3tc.cpp">
      <Filter>Source Files</Filter>
    </ClCompile>
    <ClCompile Include="D:\Games\Astryx\src\graphics\images\sbm.cpp">
      <Filter>Source Files</Filter>
    </ClCompile>
    <ClCompile Include="D:\Games\Astryx\src\graphics\images\winiconimage.cpp">
      <Filter>Source Files</Filter>
    </ClCompile>
    <ClCompile Include="D:\Games\Astryx\src\graphics\images\xoreositex.cpp">
      <Filter>Source Files</Filter>
    </ClCompile>
    <ClCompile Include="D:\Games\Astryx\src\graphics\images\nbfs.cpp">
      <Filter>Source Files</Filter>
    </ClCompile>
    <ClCompile Include="D:\Games\Astryx\src\graphics\images\nclr.cpp">
      <Filter>Source Files</Filter>
    </ClCompile>
    <ClCompile Include="D:\Games\Astryx\src\graphics\images\ncgr.cpp">
      <Filter>Source Files</Filter>
    </ClCompile>
    <ClCompile Include="D:\Games\Astryx\src\graphics\images\cbgt.cpp">
      <Filter>Source Files</Filter>
    </ClCompile>
  </ItemGroup>
  <ItemGroup>
    <ClInclude Include="D:\Games\Astryx\src\graphics\images\util.h">
      <Filter>Header Files</Filter>
    </ClInclude>
    <ClInclude Include="D:\Games\Astryx\src\graphics\images\decoder.h">
      <Filter>Header Files</Filter>
    </ClInclude>
    <ClInclude Include="D:\Games\Astryx\src\graphics\images\dumptga.h">
      <Filter>Header Files</Filter>
    </ClInclude>
    <ClInclude Include="D:\Games\Astryx\src\graphics\images\screenshot.h">
      <Filter>Header Files</Filter>
    </ClInclude>
    <ClInclude Include="D:\Games\Astryx\src\graphics\images\surface.h">
      <Filter>Header Files</Filter>
    </ClInclude>
    <ClInclude Include="D:\Games\Astryx\src\graphics\images\cubemapcombiner.h">
      <Filter>Header Files</Filter>
    </ClInclude>
    <ClInclude Include="D:\Games\Astryx\src\graphics\images\tga.h">
      <Filter>Header Files</Filter>
    </ClInclude>
    <ClInclude Include="D:\Games\Astryx\src\graphics\images\dds.h">
      <Filter>Header Files</Filter>
    </ClInclude>
    <ClInclude Include="D:\Games\Astryx\src\graphics\images\tpc.h">
      <Filter>Header Files</Filter>
    </ClInclude>
    <ClInclude Include="D:\Games\Astryx\src\graphics\images\txb.h">
      <Filter>Header Files</Filter>
    </ClInclude>
    <ClInclude Include="D:\Games\Astryx\src\graphics\images\txitypes.h">
      <Filter>Header Files</Filter>
    </ClInclude>
    <ClInclude Include="D:\Games\Astryx\src\graphics\images\txi.h">
      <Filter>Header Files</Filter>
    </ClInclude>
    <ClInclude Include="D:\Games\Astryx\src\graphics\images\s3tc.h">
      <Filter>Header Files</Filter>
    </ClInclude>
    <ClInclude Include="D:\Games\Astryx\src\graphics\images\sbm.h">
      <Filter>Header Files</Filter>
    </ClInclude>
    <ClInclude Include="D:\Games\Astryx\src\graphics\images\winiconimage.h">
      <Filter>Header Files</Filter>
    </ClInclude>
    <ClInclude Include="D:\Games\Astryx\src\graphics\images\xoreositex.h">
      <Filter>Header Files</Filter>
    </ClInclude>
    <ClInclude Include="D:\Games\Astryx\src\graphics\images\nbfs.h">
      <Filter>Header Files</Filter>
    </ClInclude>
    <ClInclude Include="D:\Games\Astryx\src\graphics\images\nclr.h">
      <Filter>Header Files</Filter>
    </ClInclude>
    <ClInclude Include="D:\Games\Astryx\src\graphics\images\ncgr.h">
      <Filter>Header Files</Filter>
    </ClInclude>
    <ClInclude Include="D:\Games\Astryx\src\graphics\images\cbgt.h">
      <Filter>Header Files</Filter>
    </ClInclude>
  </ItemGroup>
  <ItemGroup>
    <CustomBuild Include="D:\Games\Astryx\CMakeLists.txt" />
  </ItemGroup>
  <ItemGroup>
    <Filter Include="Header Files">
      <UniqueIdentifier>{3FD2484F-101C-39B6-AB22-F8DB514E07BA}</UniqueIdentifier>
    </Filter>
    <Filter Include="Source Files">
      <UniqueIdentifier>{1B4B025E-A4EF-3066-A8B9-E373DE4B7243}</UniqueIdentifier>
    </Filter>
  </ItemGroup>
</Project>
