<?xml version="1.0" encoding="utf-8"?>
<Project ToolsVersion="18.0" xmlns="http://schemas.microsoft.com/developer/msbuild/2003">
  <ItemGroup>
    <CustomBuild Include="D:\Games\Astryx\build-vs-test\CMakeFiles\d3f1dd640a0024b00fc397d572be05ed\INSTALL_force.rule">
      <Filter>CMake Rules</Filter>
    </CustomBuild>
  </ItemGroup>
  <ItemGroup>
    <Filter Include="CMake Rules">
      <UniqueIdentifier>{CFB33CA5-1EF6-3EF2-914D-BA7F0BFBD906}</UniqueIdentifier>
    </Filter>
  </ItemGroup>
</Project>
