<?xml version="1.0" encoding="utf-8"?>
<Project ToolsVersion="18.0" xmlns="http://schemas.microsoft.com/developer/msbuild/2003">
  <ItemGroup>
    <ClCompile Include="D:\Games\Astryx\src\video\decoder.cpp">
      <Filter>Source Files</Filter>
    </ClCompile>
    <ClCompile Include="D:\Games\Astryx\src\video\bink.cpp">
      <Filter>Source Files</Filter>
    </ClCompile>
    <ClCompile Include="D:\Games\Astryx\src\video\fader.cpp">
      <Filter>Source Files</Filter>
    </ClCompile>
    <ClCompile Include="D:\Games\Astryx\src\video\quicktime.cpp">
      <Filter>Source Files</Filter>
    </ClCompile>
    <ClCompile Include="D:\Games\Astryx\src\video\xmv.cpp">
      <Filter>Source Files</Filter>
    </ClCompile>
    <ClCompile Include="D:\Games\Astryx\src\video\actimagine.cpp">
      <Filter>Source Files</Filter>
    </ClCompile>
    <ClCompile Include="D:\Games\Astryx\src\video\matroska.cpp">
      <Filter>Source Files</Filter>
    </ClCompile>
    <ClCompile Include="D:\Games\Astryx\src\video\aurora\videoplayer.cpp">
      <Filter>Source Files</Filter>
    </ClCompile>
  </ItemGroup>
  <ItemGroup>
    <ClInclude Include="D:\Games\Astryx\src\video\decoder.h">
      <Filter>Header Files</Filter>
    </ClInclude>
    <ClInclude Include="D:\Games\Astryx\src\video\bink.h">
      <Filter>Header Files</Filter>
    </ClInclude>
    <ClInclude Include="D:\Games\Astryx\src\video\binkdata.h">
      <Filter>Header Files</Filter>
    </ClInclude>
    <ClInclude Include="D:\Games\Astryx\src\video\fader.h">
      <Filter>Header Files</Filter>
    </ClInclude>
    <ClInclude Include="D:\Games\Astryx\src\video\quicktime.h">
      <Filter>Header Files</Filter>
    </ClInclude>
    <ClInclude Include="D:\Games\Astryx\src\video\xmv.h">
      <Filter>Header Files</Filter>
    </ClInclude>
    <ClInclude Include="D:\Games\Astryx\src\video\actimagine.h">
      <Filter>Header Files</Filter>
    </ClInclude>
    <ClInclude Include="D:\Games\Astryx\src\video\matroska.h">
      <Filter>Header Files</Filter>
    </ClInclude>
    <ClInclude Include="D:\Games\Astryx\src\video\aurora\videoplayer.h">
      <Filter>Header Files</Filter>
    </ClInclude>
  </ItemGroup>
  <ItemGroup>
    <CustomBuild Include="D:\Games\Astryx\CMakeLists.txt" />
  </ItemGroup>
  <ItemGroup>
    <Filter Include="Header Files">
      <UniqueIdentifier>{3FD2484F-101C-39B6-AB22-F8DB514E07BA}</UniqueIdentifier>
    </Filter>
    <Filter Include="Source Files">
      <UniqueIdentifier>{1B4B025E-A4EF-3066-A8B9-E373DE4B7243}</UniqueIdentifier>
    </Filter>
  </ItemGroup>
</Project>
