<?xml version="1.0" encoding="utf-8"?>
<Project ToolsVersion="18.0" xmlns="http://schemas.microsoft.com/developer/msbuild/2003">
  <ItemGroup>
    <ClCompile Include="C:\Projects\Astryx\src\aurora\util.cpp">
      <Filter>Source Files</Filter>
    </ClCompile>
    <ClCompile Include="C:\Projects\Astryx\src\aurora\language.cpp">
      <Filter>Source Files</Filter>
    </ClCompile>
    <ClCompile Include="C:\Projects\Astryx\src\aurora\archive.cpp">
      <Filter>Source Files</Filter>
    </ClCompile>
    <ClCompile Include="C:\Projects\Astryx\src\aurora\aurorafile.cpp">
      <Filter>Source Files</Filter>
    </ClCompile>
    <ClCompile Include="C:\Projects\Astryx\src\aurora\keyfile.cpp">
      <Filter>Source Files</Filter>
    </ClCompile>
    <ClCompile Include="C:\Projects\Astryx\src\aurora\biffile.cpp">
      <Filter>Source Files</Filter>
    </ClCompile>
    <ClCompile Include="C:\Projects\Astryx\src\aurora\bzffile.cpp">
      <Filter>Source Files</Filter>
    </ClCompile>
    <ClCompile Include="C:\Projects\Astryx\src\aurora\erffile.cpp">
      <Filter>Source Files</Filter>
    </ClCompile>
    <ClCompile Include="C:\Projects\Astryx\src\aurora\erfwriter.cpp">
      <Filter>Source Files</Filter>
    </ClCompile>
    <ClCompile Include="C:\Projects\Astryx\src\aurora\rimfile.cpp">
      <Filter>Source Files</Filter>
    </ClCompile>
    <ClCompile Include="C:\Projects\Astryx\src\aurora\ndsrom.cpp">
      <Filter>Source Files</Filter>
    </ClCompile>
    <ClCompile Include="C:\Projects\Astryx\src\aurora\zipfile.cpp">
      <Filter>Source Files</Filter>
    </ClCompile>
    <ClCompile Include="C:\Projects\Astryx\src\aurora\resman.cpp">
      <Filter>Source Files</Filter>
    </ClCompile>
    <ClCompile Include="C:\Projects\Astryx\src\aurora\talktable.cpp">
      <Filter>Source Files</Filter>
    </ClCompile>
    <ClCompile Include="C:\Projects\Astryx\src\aurora\talktable_tlk.cpp">
      <Filter>Source Files</Filter>
    </ClCompile>
    <ClCompile Include="C:\Projects\Astryx\src\aurora\talktable_gff.cpp">
      <Filter>Source Files</Filter>
    </ClCompile>
    <ClCompile Include="C:\Projects\Astryx\src\aurora\talkman.cpp">
      <Filter>Source Files</Filter>
    </ClCompile>
    <ClCompile Include="C:\Projects\Astryx\src\aurora\ssffile.cpp">
      <Filter>Source Files</Filter>
    </ClCompile>
    <ClCompile Include="C:\Projects\Astryx\src\aurora\2dafile.cpp">
      <Filter>Source Files</Filter>
    </ClCompile>
    <ClCompile Include="C:\Projects\Astryx\src\aurora\gdafile.cpp">
      <Filter>Source Files</Filter>
    </ClCompile>
    <ClCompile Include="C:\Projects\Astryx\src\aurora\gdaheaders.cpp">
      <Filter>Source Files</Filter>
    </ClCompile>
    <ClCompile Include="C:\Projects\Astryx\src\aurora\2dareg.cpp">
      <Filter>Source Files</Filter>
    </ClCompile>
    <ClCompile Include="C:\Projects\Astryx\src\aurora\locstring.cpp">
      <Filter>Source Files</Filter>
    </ClCompile>
    <ClCompile Include="C:\Projects\Astryx\src\aurora\gff3file.cpp">
      <Filter>Source Files</Filter>
    </ClCompile>
    <ClCompile Include="C:\Projects\Astryx\src\aurora\gff3writer.cpp">
      <Filter>Source Files</Filter>
    </ClCompile>
    <ClCompile Include="C:\Projects\Astryx\src\aurora\gff4file.cpp">
      <Filter>Source Files</Filter>
    </ClCompile>
    <ClCompile Include="C:\Projects\Astryx\src\aurora\dlgfile.cpp">
      <Filter>Source Files</Filter>
    </ClCompile>
    <ClCompile Include="C:\Projects\Astryx\src\aurora\lytfile.cpp">
      <Filter>Source Files</Filter>
    </ClCompile>
    <ClCompile Include="C:\Projects\Astryx\src\aurora\visfile.cpp">
      <Filter>Source Files</Filter>
    </ClCompile>
    <ClCompile Include="C:\Projects\Astryx\src\aurora\ifofile.cpp">
      <Filter>Source Files</Filter>
    </ClCompile>
    <ClCompile Include="C:\Projects\Astryx\src\aurora\pefile.cpp">
      <Filter>Source Files</Filter>
    </ClCompile>
    <ClCompile Include="C:\Projects\Astryx\src\aurora\herffile.cpp">
      <Filter>Source Files</Filter>
    </ClCompile>
    <ClCompile Include="C:\Projects\Astryx\src\aurora\obbfile.cpp">
      <Filter>Source Files</Filter>
    </ClCompile>
    <ClCompile Include="C:\Projects\Astryx\src\aurora\smallfile.cpp">
      <Filter>Source Files</Filter>
    </ClCompile>
    <ClCompile Include="C:\Projects\Astryx\src\aurora\nitrofile.cpp">
      <Filter>Source Files</Filter>
    </ClCompile>
    <ClCompile Include="C:\Projects\Astryx\src\aurora\nsbtxfile.cpp">
      <Filter>Source Files</Filter>
    </ClCompile>
    <ClCompile Include="C:\Projects\Astryx\src\aurora\cdpth.cpp">
      <Filter>Source Files</Filter>
    </ClCompile>
    <ClCompile Include="C:\Projects\Astryx\src\aurora\nfofile.cpp">
      <Filter>Source Files</Filter>
    </ClCompile>
    <ClCompile Include="C:\Projects\Astryx\src\aurora\ltrfile.cpp">
      <Filter>Source Files</Filter>
    </ClCompile>
    <ClCompile Include="C:\Projects\Astryx\src\aurora\thewitchersavefile.cpp">
      <Filter>Source Files</Filter>
    </ClCompile>
    <ClCompile Include="C:\Projects\Astryx\src\aurora\thewitchersavewriter.cpp">
      <Filter>Source Files</Filter>
    </ClCompile>
    <ClCompile Include="C:\Projects\Astryx\src\aurora\sacfile.cpp">
      <Filter>Source Files</Filter>
    </ClCompile>
    <ClCompile Include="C:\Projects\Astryx\src\aurora\gfxfile.cpp">
      <Filter>Source Files</Filter>
    </ClCompile>
    <ClCompile Include="C:\Projects\Astryx\src\aurora\xmlfixer.cpp">
      <Filter>Source Files</Filter>
    </ClCompile>
    <ClCompile Include="C:\Projects\Astryx\src\aurora\oodle.cpp">
      <Filter>Source Files</Filter>
    </ClCompile>
    <ClCompile Include="C:\Projects\Astryx\src\aurora\gr2file.cpp">
      <Filter>Source Files</Filter>
    </ClCompile>
    <ClCompile Include="C:\Projects\Astryx\src\aurora\textureatlasfile.cpp">
      <Filter>Source Files</Filter>
    </ClCompile>
  </ItemGroup>
  <ItemGroup>
    <ClInclude Include="C:\Projects\Astryx\src\aurora\types.h">
      <Filter>Header Files</Filter>
    </ClInclude>
    <ClInclude Include="C:\Projects\Astryx\src\aurora\util.h">
      <Filter>Header Files</Filter>
    </ClInclude>
    <ClInclude Include="C:\Projects\Astryx\src\aurora\language.h">
      <Filter>Header Files</Filter>
    </ClInclude>
    <ClInclude Include="C:\Projects\Astryx\src\aurora\language_strings.h">
      <Filter>Header Files</Filter>
    </ClInclude>
    <ClInclude Include="C:\Projects\Astryx\src\aurora\archive.h">
      <Filter>Header Files</Filter>
    </ClInclude>
    <ClInclude Include="C:\Projects\Astryx\src\aurora\aurorafile.h">
      <Filter>Header Files</Filter>
    </ClInclude>
    <ClInclude Include="C:\Projects\Astryx\src\aurora\keyfile.h">
      <Filter>Header Files</Filter>
    </ClInclude>
    <ClInclude Include="C:\Projects\Astryx\src\aurora\keydatafile.h">
      <Filter>Header Files</Filter>
    </ClInclude>
    <ClInclude Include="C:\Projects\Astryx\src\aurora\biffile.h">
      <Filter>Header Files</Filter>
    </ClInclude>
    <ClInclude Include="C:\Projects\Astryx\src\aurora\bzffile.h">
      <Filter>Header Files</Filter>
    </ClInclude>
    <ClInclude Include="C:\Projects\Astryx\src\aurora\erffile.h">
      <Filter>Header Files</Filter>
    </ClInclude>
    <ClInclude Include="C:\Projects\Astryx\src\aurora\erfwriter.h">
      <Filter>Header Files</Filter>
    </ClInclude>
    <ClInclude Include="C:\Projects\Astryx\src\aurora\rimfile.h">
      <Filter>Header Files</Filter>
    </ClInclude>
    <ClInclude Include="C:\Projects\Astryx\src\aurora\ndsrom.h">
      <Filter>Header Files</Filter>
    </ClInclude>
    <ClInclude Include="C:\Projects\Astryx\src\aurora\zipfile.h">
      <Filter>Header Files</Filter>
    </ClInclude>
    <ClInclude Include="C:\Projects\Astryx\src\aurora\resman.h">
      <Filter>Header Files</Filter>
    </ClInclude>
    <ClInclude Include="C:\Projects\Astryx\src\aurora\talktable.h">
      <Filter>Header Files</Filter>
    </ClInclude>
    <ClInclude Include="C:\Projects\Astryx\src\aurora\talktable_tlk.h">
      <Filter>Header Files</Filter>
    </ClInclude>
    <ClInclude Include="C:\Projects\Astryx\src\aurora\talktable_gff.h">
      <Filter>Header Files</Filter>
    </ClInclude>
    <ClInclude Include="C:\Projects\Astryx\src\aurora\talkman.h">
      <Filter>Header Files</Filter>
    </ClInclude>
    <ClInclude Include="C:\Projects\Astryx\src\aurora\ssffile.h">
      <Filter>Header Files</Filter>
    </ClInclude>
    <ClInclude Include="C:\Projects\Astryx\src\aurora\2dafile.h">
      <Filter>Header Files</Filter>
    </ClInclude>
    <ClInclude Include="C:\Projects\Astryx\src\aurora\gdafile.h">
      <Filter>Header Files</Filter>
    </ClInclude>
    <ClInclude Include="C:\Projects\Astryx\src\aurora\gdaheaders.h">
      <Filter>Header Files</Filter>
    </ClInclude>
    <ClInclude Include="C:\Projects\Astryx\src\aurora\2dareg.h">
      <Filter>Header Files</Filter>
    </ClInclude>
    <ClInclude Include="C:\Projects\Astryx\src\aurora\locstring.h">
      <Filter>Header Files</Filter>
    </ClInclude>
    <ClInclude Include="C:\Projects\Astryx\src\aurora\gff3file.h">
      <Filter>Header Files</Filter>
    </ClInclude>
    <ClInclude Include="C:\Projects\Astryx\src\aurora\gff3writer.h">
      <Filter>Header Files</Filter>
    </ClInclude>
    <ClInclude Include="C:\Projects\Astryx\src\aurora\gff4file.h">
      <Filter>Header Files</Filter>
    </ClInclude>
    <ClInclude Include="C:\Projects\Astryx\src\aurora\gff4fields.h">
      <Filter>Header Files</Filter>
    </ClInclude>
    <ClInclude Include="C:\Projects\Astryx\src\aurora\dlgfile.h">
      <Filter>Header Files</Filter>
    </ClInclude>
    <ClInclude Include="C:\Projects\Astryx\src\aurora\lytfile.h">
      <Filter>Header Files</Filter>
    </ClInclude>
    <ClInclude Include="C:\Projects\Astryx\src\aurora\visfile.h">
      <Filter>Header Files</Filter>
    </ClInclude>
    <ClInclude Include="C:\Projects\Astryx\src\aurora\ifofile.h">
      <Filter>Header Files</Filter>
    </ClInclude>
    <ClInclude Include="C:\Projects\Astryx\src\aurora\pefile.h">
      <Filter>Header Files</Filter>
    </ClInclude>
    <ClInclude Include="C:\Projects\Astryx\src\aurora\herffile.h">
      <Filter>Header Files</Filter>
    </ClInclude>
    <ClInclude Include="C:\Projects\Astryx\src\aurora\obbfile.h">
      <Filter>Header Files</Filter>
    </ClInclude>
    <ClInclude Include="C:\Projects\Astryx\src\aurora\smallfile.h">
      <Filter>Header Files</Filter>
    </ClInclude>
    <ClInclude Include="C:\Projects\Astryx\src\aurora\nitrofile.h">
      <Filter>Header Files</Filter>
    </ClInclude>
    <ClInclude Include="C:\Projects\Astryx\src\aurora\nsbtxfile.h">
      <Filter>Header Files</Filter>
    </ClInclude>
    <ClInclude Include="C:\Projects\Astryx\src\aurora\cdpth.h">
      <Filter>Header Files</Filter>
    </ClInclude>
    <ClInclude Include="C:\Projects\Astryx\src\aurora\nfofile.h">
      <Filter>Header Files</Filter>
    </ClInclude>
    <ClInclude Include="C:\Projects\Astryx\src\aurora\ltrfile.h">
      <Filter>Header Files</Filter>
    </ClInclude>
    <ClInclude Include="C:\Projects\Astryx\src\aurora\thewitchersavefile.h">
      <Filter>Header Files</Filter>
    </ClInclude>
    <ClInclude Include="C:\Projects\Astryx\src\aurora\thewitchersavewriter.h">
      <Filter>Header Files</Filter>
    </ClInclude>
    <ClInclude Include="C:\Projects\Astryx\src\aurora\sacfile.h">
      <Filter>Header Files</Filter>
    </ClInclude>
    <ClInclude Include="C:\Projects\Astryx\src\aurora\gfxfile.h">
      <Filter>Header Files</Filter>
    </ClInclude>
    <ClInclude Include="C:\Projects\Astryx\src\aurora\xmlfixer.h">
      <Filter>Header Files</Filter>
    </ClInclude>
    <ClInclude Include="C:\Projects\Astryx\src\aurora\oodle.h">
      <Filter>Header Files</Filter>
    </ClInclude>
    <ClInclude Include="C:\Projects\Astryx\src\aurora\gr2file.h">
      <Filter>Header Files</Filter>
    </ClInclude>
    <ClInclude Include="C:\Projects\Astryx\src\aurora\textureatlasfile.h">
      <Filter>Header Files</Filter>
    </ClInclude>
  </ItemGroup>
  <ItemGroup>
    <CustomBuild Include="C:\Projects\Astryx\CMakeLists.txt" />
  </ItemGroup>
  <ItemGroup>
    <Filter Include="Header Files">
      <UniqueIdentifier>{F5103025-B4A6-3756-915B-9EC5163947E5}</UniqueIdentifier>
    </Filter>
    <Filter Include="Source Files">
      <UniqueIdentifier>{A75DD54A-1E5B-305A-9C64-C31EBA0FDA40}</UniqueIdentifier>
    </Filter>
  </ItemGroup>
</Project>
